
Microsoft Visual Studio Solution File, Format Version 12.00
# Visual Studio Version 16
VisualStudioVersion = 16.0.30907.101
MinimumVisualStudioVersion = 10.0.40219.1
Project("{FAE04EC0-301F-11D3-BF4B-00C04F79EFBC}") = "IComparableExample", "IComparableExample\IComparableExample.csproj", "{7AE43E92-0A60-49D2-B7E1-E0E0B8C99A0D}"
EndProject
Global
	GlobalSection(SolutionConfigurationPlatforms) = preSolution
		Debug|Any CPU = Debug|Any CPU
		Release|Any CPU = Release|Any CPU
	EndGlobalSection
	GlobalSection(ProjectConfigurationPlatforms) = postSolution
		{7AE43E92-0A60-49D2-B7E1-E0E0B8C99A0D}.Debug|Any CPU.ActiveCfg = Debug|Any CPU
		{7AE43E92-0A60-49D2-B7E1-E0E0B8C99A0D}.Debug|Any CPU.Build.0 = Debug|Any CPU
		{7AE43E92-0A60-49D2-B7E1-E0E0B8C99A0D}.Release|Any CPU.ActiveCfg = Release|Any CPU
		{7AE43E92-0A60-49D2-B7E1-E0E0B8C99A0D}.Release|Any CPU.Build.0 = Release|Any CPU
	EndGlobalSection
	GlobalSection(SolutionProperties) = preSolution
		HideSolutionNode = FALSE
	EndGlobalSection
	GlobalSection(ExtensibilityGlobals) = postSolution
		SolutionGuid = {5AEE5590-730F-48DB-9AE0-52F19B1B6208}
	EndGlobalSection
EndGlobal
