
Microsoft Visual Studio Solution File, Format Version 12.00
# Visual Studio Version 16
VisualStudioVersion = 16.0.30907.101
MinimumVisualStudioVersion = 10.0.40219.1
Project("{FAE04EC0-301F-11D3-BF4B-00C04F79EFBC}") = "Vetores", "Vetores\Vetores.csproj", "{CE0DD4C1-EA05-45A1-8B6A-AFDE8B96C467}"
EndProject
Global
	GlobalSection(SolutionConfigurationPlatforms) = preSolution
		Debug|Any CPU = Debug|Any CPU
		Release|Any CPU = Release|Any CPU
	EndGlobalSection
	GlobalSection(ProjectConfigurationPlatforms) = postSolution
		{CE0DD4C1-EA05-45A1-8B6A-AFDE8B96C467}.Debug|Any CPU.ActiveCfg = Debug|Any CPU
		{CE0DD4C1-EA05-45A1-8B6A-AFDE8B96C467}.Debug|Any CPU.Build.0 = Debug|Any CPU
		{CE0DD4C1-EA05-45A1-8B6A-AFDE8B96C467}.Release|Any CPU.ActiveCfg = Release|Any CPU
		{CE0DD4C1-EA05-45A1-8B6A-AFDE8B96C467}.Release|Any CPU.Build.0 = Release|Any CPU
	EndGlobalSection
	GlobalSection(SolutionProperties) = preSolution
		HideSolutionNode = FALSE
	EndGlobalSection
	GlobalSection(ExtensibilityGlobals) = postSolution
		SolutionGuid = {D8BD0DE4-DF32-438D-BCD3-6F9653E30E6D}
	EndGlobalSection
EndGlobal
