
Microsoft Visual Studio Solution File, Format Version 12.00
# Visual Studio Version 16
VisualStudioVersion = 16.0.30907.101
MinimumVisualStudioVersion = 10.0.40219.1
Project("{FAE04EC0-301F-11D3-BF4B-00C04F79EFBC}") = "DirectoryAndDirectoryInfo", "DirectoryAndDirectoryInfo\DirectoryAndDirectoryInfo.csproj", "{AC06C269-352A-43C3-98E6-88E2DAAE17C3}"
EndProject
Global
	GlobalSection(SolutionConfigurationPlatforms) = preSolution
		Debug|Any CPU = Debug|Any CPU
		Release|Any CPU = Release|Any CPU
	EndGlobalSection
	GlobalSection(ProjectConfigurationPlatforms) = postSolution
		{AC06C269-352A-43C3-98E6-88E2DAAE17C3}.Debug|Any CPU.ActiveCfg = Debug|Any CPU
		{AC06C269-352A-43C3-98E6-88E2DAAE17C3}.Debug|Any CPU.Build.0 = Debug|Any CPU
		{AC06C269-352A-43C3-98E6-88E2DAAE17C3}.Release|Any CPU.ActiveCfg = Release|Any CPU
		{AC06C269-352A-43C3-98E6-88E2DAAE17C3}.Release|Any CPU.Build.0 = Release|Any CPU
	EndGlobalSection
	GlobalSection(SolutionProperties) = preSolution
		HideSolutionNode = FALSE
	EndGlobalSection
	GlobalSection(ExtensibilityGlobals) = postSolution
		SolutionGuid = {04FB2018-29F2-47A4-813E-5BFC266E21FB}
	EndGlobalSection
EndGlobal
