
Microsoft Visual Studio Solution File, Format Version 12.00
# Visual Studio Version 16
VisualStudioVersion = 16.0.30907.101
MinimumVisualStudioVersion = 10.0.40219.1
Project("{FAE04EC0-301F-11D3-BF4B-00C04F79EFBC}") = "Listas", "Listas\Listas.csproj", "{D18A4542-FF9E-467C-8959-997365DCFD27}"
EndProject
Global
	GlobalSection(SolutionConfigurationPlatforms) = preSolution
		Debug|Any CPU = Debug|Any CPU
		Release|Any CPU = Release|Any CPU
	EndGlobalSection
	GlobalSection(ProjectConfigurationPlatforms) = postSolution
		{D18A4542-FF9E-467C-8959-997365DCFD27}.Debug|Any CPU.ActiveCfg = Debug|Any CPU
		{D18A4542-FF9E-467C-8959-997365DCFD27}.Debug|Any CPU.Build.0 = Debug|Any CPU
		{D18A4542-FF9E-467C-8959-997365DCFD27}.Release|Any CPU.ActiveCfg = Release|Any CPU
		{D18A4542-FF9E-467C-8959-997365DCFD27}.Release|Any CPU.Build.0 = Release|Any CPU
	EndGlobalSection
	GlobalSection(SolutionProperties) = preSolution
		HideSolutionNode = FALSE
	EndGlobalSection
	GlobalSection(ExtensibilityGlobals) = postSolution
		SolutionGuid = {74F1F1E7-4D6F-4D1D-BC10-222D20D96587}
	EndGlobalSection
EndGlobal
