
Microsoft Visual Studio Solution File, Format Version 12.00
# Visual Studio Version 16
VisualStudioVersion = 16.0.30907.101
MinimumVisualStudioVersion = 10.0.40219.1
Project("{FAE04EC0-301F-11D3-BF4B-00C04F79EFBC}") = "StreamWriterExample", "StreamWriterExample\StreamWriterExample.csproj", "{AB21CDFA-3AC0-45F9-92C1-A3F0392A925E}"
EndProject
Global
	GlobalSection(SolutionConfigurationPlatforms) = preSolution
		Debug|Any CPU = Debug|Any CPU
		Release|Any CPU = Release|Any CPU
	EndGlobalSection
	GlobalSection(ProjectConfigurationPlatforms) = postSolution
		{AB21CDFA-3AC0-45F9-92C1-A3F0392A925E}.Debug|Any CPU.ActiveCfg = Debug|Any CPU
		{AB21CDFA-3AC0-45F9-92C1-A3F0392A925E}.Debug|Any CPU.Build.0 = Debug|Any CPU
		{AB21CDFA-3AC0-45F9-92C1-A3F0392A925E}.Release|Any CPU.ActiveCfg = Release|Any CPU
		{AB21CDFA-3AC0-45F9-92C1-A3F0392A925E}.Release|Any CPU.Build.0 = Release|Any CPU
	EndGlobalSection
	GlobalSection(SolutionProperties) = preSolution
		HideSolutionNode = FALSE
	EndGlobalSection
	GlobalSection(ExtensibilityGlobals) = postSolution
		SolutionGuid = {CC582845-A083-4344-9B50-C70AF412AEDF}
	EndGlobalSection
EndGlobal
